
Microsoft Visual Studio Solution File, Format Version 12.00
# Visual Studio Version 18
VisualStudioVersion = 18.3.11206.111
MinimumVisualStudioVersion = 10.0.40219.1
Project("{FAE04EC0-301F-11D3-BF4B-00C04F79EFBC}") = "Karl.Abstractions", "src\Karl.Abstractions\Karl.Abstractions.csproj", "{5524499B-D8AC-43D5-830A-2FF85A9EB314}"
EndProject
Project("{FAE04EC0-301F-11D3-BF4B-00C04F79EFBC}") = "Karl", "src\Karl\Karl.csproj", "{45CDC62A-3DAE-4915-B104-58D59672CDDF}"
EndProject
Project("{FAE04EC0-301F-11D3-BF4B-00C04F79EFBC}") = "Karl.Transport.Smtp", "src\Karl.Transport.Smtp\Karl.Transport.Smtp.csproj", "{DEA5E230-B085-424B-B367-6D5827B7521C}"
EndProject
Project("{FAE04EC0-301F-11D3-BF4B-00C04F79EFBC}") = "Karl.Transport.File", "src\Karl.Transport.File\Karl.Transport.File.csproj", "{B83DD7BB-1FB4-496F-BE32-472F0DBDC61C}"
EndProject
Project("{FAE04EC0-301F-11D3-BF4B-00C04F79EFBC}") = "Karl.Templates.Scriban", "src\Karl.Template.Scriban\Karl.Template.Scriban.csproj", "{70010053-8CA7-44A5-BC41-9A40416CCE7F}"
EndProject
Project("{FAE04EC0-301F-11D3-BF4B-00C04F79EFBC}") = "Karl.Extensions.Microsoft", "src\Karl.Extensions.Microsoft\Karl.Extensions.Microsoft.csproj", "{088AD920-96C6-4826-A429-892ADF3A90D9}"
EndProject
Project("{FAE04EC0-301F-11D3-BF4B-00C04F79EFBC}") = "Karl.Cli", "src\Karl.Cli\Karl.Cli.csproj", "{CF6457DC-4208-474E-BEC3-8417736BA418}"
EndProject
Project("{FAE04EC0-301F-11D3-BF4B-00C04F79EFBC}") = "Karl.Transport.StdOut", "src\Karl.Transport.StdOut\Karl.Transport.StdOut.csproj", "{F10A86EB-4250-4B88-B8AD-A3A4BC2E9506}"
EndProject
Project("{2150E333-8FDC-42A3-9474-1A3956D46DE8}") = "src", "src", "{827E0CD3-B72D-47B6-A68D-7590B98EB39B}"
EndProject
Project("{FAE04EC0-301F-11D3-BF4B-00C04F79EFBC}") = "Karl.Core", "src\Karl.Core\Karl.Core.csproj", "{1DB85E58-653B-46D0-9CE2-487DDD1BCBD2}"
EndProject
Global
	GlobalSection(SolutionConfigurationPlatforms) = preSolution
		Debug|Any CPU = Debug|Any CPU
		Debug|x64 = Debug|x64
		Debug|x86 = Debug|x86
		Release|Any CPU = Release|Any CPU
		Release|x64 = Release|x64
		Release|x86 = Release|x86
	EndGlobalSection
	GlobalSection(ProjectConfigurationPlatforms) = postSolution
		{5524499B-D8AC-43D5-830A-2FF85A9EB314}.Debug|Any CPU.ActiveCfg = Debug|Any CPU
		{5524499B-D8AC-43D5-830A-2FF85A9EB314}.Debug|Any CPU.Build.0 = Debug|Any CPU
		{5524499B-D8AC-43D5-830A-2FF85A9EB314}.Debug|x64.ActiveCfg = Debug|Any CPU
		{5524499B-D8AC-43D5-830A-2FF85A9EB314}.Debug|x64.Build.0 = Debug|Any CPU
		{5524499B-D8AC-43D5-830A-2FF85A9EB314}.Debug|x86.ActiveCfg = Debug|Any CPU
		{5524499B-D8AC-43D5-830A-2FF85A9EB314}.Debug|x86.Build.0 = Debug|Any CPU
		{5524499B-D8AC-43D5-830A-2FF85A9EB314}.Release|Any CPU.ActiveCfg = Release|Any CPU
		{5524499B-D8AC-43D5-830A-2FF85A9EB314}.Release|Any CPU.Build.0 = Release|Any CPU
		{5524499B-D8AC-43D5-830A-2FF85A9EB314}.Release|x64.ActiveCfg = Release|Any CPU
		{5524499B-D8AC-43D5-830A-2FF85A9EB314}.Release|x64.Build.0 = Release|Any CPU
		{5524499B-D8AC-43D5-830A-2FF85A9EB314}.Release|x86.ActiveCfg = Release|Any CPU
		{5524499B-D8AC-43D5-830A-2FF85A9EB314}.Release|x86.Build.0 = Release|Any CPU
		{45CDC62A-3DAE-4915-B104-58D59672CDDF}.Debug|Any CPU.ActiveCfg = Debug|Any CPU
		{45CDC62A-3DAE-4915-B104-58D59672CDDF}.Debug|Any CPU.Build.0 = Debug|Any CPU
		{45CDC62A-3DAE-4915-B104-58D59672CDDF}.Debug|x64.ActiveCfg = Debug|Any CPU
		{45CDC62A-3DAE-4915-B104-58D59672CDDF}.Debug|x64.Build.0 = Debug|Any CPU
		{45CDC62A-3DAE-4915-B104-58D59672CDDF}.Debug|x86.ActiveCfg = Debug|Any CPU
		{45CDC62A-3DAE-4915-B104-58D59672CDDF}.Debug|x86.Build.0 = Debug|Any CPU
		{45CDC62A-3DAE-4915-B104-58D59672CDDF}.Release|Any CPU.ActiveCfg = Release|Any CPU
		{45CDC62A-3DAE-4915-B104-58D59672CDDF}.Release|Any CPU.Build.0 = Release|Any CPU
		{45CDC62A-3DAE-4915-B104-58D59672CDDF}.Release|x64.ActiveCfg = Release|Any CPU
		{45CDC62A-3DAE-4915-B104-58D59672CDDF}.Release|x64.Build.0 = Release|Any CPU
		{45CDC62A-3DAE-4915-B104-58D59672CDDF}.Release|x86.ActiveCfg = Release|Any CPU
		{45CDC62A-3DAE-4915-B104-58D59672CDDF}.Release|x86.Build.0 = Release|Any CPU
		{DEA5E230-B085-424B-B367-6D5827B7521C}.Debug|Any CPU.ActiveCfg = Debug|Any CPU
		{DEA5E230-B085-424B-B367-6D5827B7521C}.Debug|Any CPU.Build.0 = Debug|Any CPU
		{DEA5E230-B085-424B-B367-6D5827B7521C}.Debug|x64.ActiveCfg = Debug|Any CPU
		{DEA5E230-B085-424B-B367-6D5827B7521C}.Debug|x64.Build.0 = Debug|Any CPU
		{DEA5E230-B085-424B-B367-6D5827B7521C}.Debug|x86.ActiveCfg = Debug|Any CPU
		{DEA5E230-B085-424B-B367-6D5827B7521C}.Debug|x86.Build.0 = Debug|Any CPU
		{DEA5E230-B085-424B-B367-6D5827B7521C}.Release|Any CPU.ActiveCfg = Release|Any CPU
		{DEA5E230-B085-424B-B367-6D5827B7521C}.Release|Any CPU.Build.0 = Release|Any CPU
		{DEA5E230-B085-424B-B367-6D5827B7521C}.Release|x64.ActiveCfg = Release|Any CPU
		{DEA5E230-B085-424B-B367-6D5827B7521C}.Release|x64.Build.0 = Release|Any CPU
		{DEA5E230-B085-424B-B367-6D5827B7521C}.Release|x86.ActiveCfg = Release|Any CPU
		{DEA5E230-B085-424B-B367-6D5827B7521C}.Release|x86.Build.0 = Release|Any CPU
		{B83DD7BB-1FB4-496F-BE32-472F0DBDC61C}.Debug|Any CPU.ActiveCfg = Debug|Any CPU
		{B83DD7BB-1FB4-496F-BE32-472F0DBDC61C}.Debug|Any CPU.Build.0 = Debug|Any CPU
		{B83DD7BB-1FB4-496F-BE32-472F0DBDC61C}.Debug|x64.ActiveCfg = Debug|Any CPU
		{B83DD7BB-1FB4-496F-BE32-472F0DBDC61C}.Debug|x64.Build.0 = Debug|Any CPU
		{B83DD7BB-1FB4-496F-BE32-472F0DBDC61C}.Debug|x86.ActiveCfg = Debug|Any CPU
		{B83DD7BB-1FB4-496F-BE32-472F0DBDC61C}.Debug|x86.Build.0 = Debug|Any CPU
		{B83DD7BB-1FB4-496F-BE32-472F0DBDC61C}.Release|Any CPU.ActiveCfg = Release|Any CPU
		{B83DD7BB-1FB4-496F-BE32-472F0DBDC61C}.Release|Any CPU.Build.0 = Release|Any CPU
		{B83DD7BB-1FB4-496F-BE32-472F0DBDC61C}.Release|x64.ActiveCfg = Release|Any CPU
		{B83DD7BB-1FB4-496F-BE32-472F0DBDC61C}.Release|x64.Build.0 = Release|Any CPU
		{B83DD7BB-1FB4-496F-BE32-472F0DBDC61C}.Release|x86.ActiveCfg = Release|Any CPU
		{B83DD7BB-1FB4-496F-BE32-472F0DBDC61C}.Release|x86.Build.0 = Release|Any CPU
		{70010053-8CA7-44A5-BC41-9A40416CCE7F}.Debug|Any CPU.ActiveCfg = Debug|Any CPU
		{70010053-8CA7-44A5-BC41-9A40416CCE7F}.Debug|Any CPU.Build.0 = Debug|Any CPU
		{70010053-8CA7-44A5-BC41-9A40416CCE7F}.Debug|x64.ActiveCfg = Debug|Any CPU
		{70010053-8CA7-44A5-BC41-9A40416CCE7F}.Debug|x64.Build.0 = Debug|Any CPU
		{70010053-8CA7-44A5-BC41-9A40416CCE7F}.Debug|x86.ActiveCfg = Debug|Any CPU
		{70010053-8CA7-44A5-BC41-9A40416CCE7F}.Debug|x86.Build.0 = Debug|Any CPU
		{70010053-8CA7-44A5-BC41-9A40416CCE7F}.Release|Any CPU.ActiveCfg = Release|Any CPU
		{70010053-8CA7-44A5-BC41-9A40416CCE7F}.Release|Any CPU.Build.0 = Release|Any CPU
		{70010053-8CA7-44A5-BC41-9A40416CCE7F}.Release|x64.ActiveCfg = Release|Any CPU
		{70010053-8CA7-44A5-BC41-9A40416CCE7F}.Release|x64.Build.0 = Release|Any CPU
		{70010053-8CA7-44A5-BC41-9A40416CCE7F}.Release|x86.ActiveCfg = Release|Any CPU
		{70010053-8CA7-44A5-BC41-9A40416CCE7F}.Release|x86.Build.0 = Release|Any CPU
		{088AD920-96C6-4826-A429-892ADF3A90D9}.Debug|Any CPU.ActiveCfg = Debug|Any CPU
		{088AD920-96C6-4826-A429-892ADF3A90D9}.Debug|Any CPU.Build.0 = Debug|Any CPU
		{088AD920-96C6-4826-A429-892ADF3A90D9}.Debug|x64.ActiveCfg = Debug|Any CPU
		{088AD920-96C6-4826-A429-892ADF3A90D9}.Debug|x64.Build.0 = Debug|Any CPU
		{088AD920-96C6-4826-A429-892ADF3A90D9}.Debug|x86.ActiveCfg = Debug|Any CPU
		{088AD920-96C6-4826-A429-892ADF3A90D9}.Debug|x86.Build.0 = Debug|Any CPU
		{088AD920-96C6-4826-A429-892ADF3A90D9}.Release|Any CPU.ActiveCfg = Release|Any CPU
		{088AD920-96C6-4826-A429-892ADF3A90D9}.Release|Any CPU.Build.0 = Release|Any CPU
		{088AD920-96C6-4826-A429-892ADF3A90D9}.Release|x64.ActiveCfg = Release|Any CPU
		{088AD920-96C6-4826-A429-892ADF3A90D9}.Release|x64.Build.0 = Release|Any CPU
		{088AD920-96C6-4826-A429-892ADF3A90D9}.Release|x86.ActiveCfg = Release|Any CPU
		{088AD920-96C6-4826-A429-892ADF3A90D9}.Release|x86.Build.0 = Release|Any CPU
		{CF6457DC-4208-474E-BEC3-8417736BA418}.Debug|Any CPU.ActiveCfg = Debug|Any CPU
		{CF6457DC-4208-474E-BEC3-8417736BA418}.Debug|Any CPU.Build.0 = Debug|Any CPU
		{CF6457DC-4208-474E-BEC3-8417736BA418}.Debug|x64.ActiveCfg = Debug|Any CPU
		{CF6457DC-4208-474E-BEC3-8417736BA418}.Debug|x64.Build.0 = Debug|Any CPU
		{CF6457DC-4208-474E-BEC3-8417736BA418}.Debug|x86.ActiveCfg = Debug|Any CPU
		{CF6457DC-4208-474E-BEC3-8417736BA418}.Debug|x86.Build.0 = Debug|Any CPU
		{CF6457DC-4208-474E-BEC3-8417736BA418}.Release|Any CPU.ActiveCfg = Release|Any CPU
		{CF6457DC-4208-474E-BEC3-8417736BA418}.Release|Any CPU.Build.0 = Release|Any CPU
		{CF6457DC-4208-474E-BEC3-8417736BA418}.Release|x64.ActiveCfg = Release|Any CPU
		{CF6457DC-4208-474E-BEC3-8417736BA418}.Release|x64.Build.0 = Release|Any CPU
		{CF6457DC-4208-474E-BEC3-8417736BA418}.Release|x86.ActiveCfg = Release|Any CPU
		{CF6457DC-4208-474E-BEC3-8417736BA418}.Release|x86.Build.0 = Release|Any CPU
		{F10A86EB-4250-4B88-B8AD-A3A4BC2E9506}.Debug|Any CPU.ActiveCfg = Debug|Any CPU
		{F10A86EB-4250-4B88-B8AD-A3A4BC2E9506}.Debug|Any CPU.Build.0 = Debug|Any CPU
		{F10A86EB-4250-4B88-B8AD-A3A4BC2E9506}.Debug|x64.ActiveCfg = Debug|Any CPU
		{F10A86EB-4250-4B88-B8AD-A3A4BC2E9506}.Debug|x64.Build.0 = Debug|Any CPU
		{F10A86EB-4250-4B88-B8AD-A3A4BC2E9506}.Debug|x86.ActiveCfg = Debug|Any CPU
		{F10A86EB-4250-4B88-B8AD-A3A4BC2E9506}.Debug|x86.Build.0 = Debug|Any CPU
		{F10A86EB-4250-4B88-B8AD-A3A4BC2E9506}.Release|Any CPU.ActiveCfg = Release|Any CPU
		{F10A86EB-4250-4B88-B8AD-A3A4BC2E9506}.Release|Any CPU.Build.0 = Release|Any CPU
		{F10A86EB-4250-4B88-B8AD-A3A4BC2E9506}.Release|x64.ActiveCfg = Release|Any CPU
		{F10A86EB-4250-4B88-B8AD-A3A4BC2E9506}.Release|x64.Build.0 = Release|Any CPU
		{F10A86EB-4250-4B88-B8AD-A3A4BC2E9506}.Release|x86.ActiveCfg = Release|Any CPU
		{F10A86EB-4250-4B88-B8AD-A3A4BC2E9506}.Release|x86.Build.0 = Release|Any CPU
		{1DB85E58-653B-46D0-9CE2-487DDD1BCBD2}.Debug|Any CPU.ActiveCfg = Debug|Any CPU
		{1DB85E58-653B-46D0-9CE2-487DDD1BCBD2}.Debug|Any CPU.Build.0 = Debug|Any CPU
		{1DB85E58-653B-46D0-9CE2-487DDD1BCBD2}.Debug|x64.ActiveCfg = Debug|Any CPU
		{1DB85E58-653B-46D0-9CE2-487DDD1BCBD2}.Debug|x64.Build.0 = Debug|Any CPU
		{1DB85E58-653B-46D0-9CE2-487DDD1BCBD2}.Debug|x86.ActiveCfg = Debug|Any CPU
		{1DB85E58-653B-46D0-9CE2-487DDD1BCBD2}.Debug|x86.Build.0 = Debug|Any CPU
		{1DB85E58-653B-46D0-9CE2-487DDD1BCBD2}.Release|Any CPU.ActiveCfg = Release|Any CPU
		{1DB85E58-653B-46D0-9CE2-487DDD1BCBD2}.Release|Any CPU.Build.0 = Release|Any CPU
		{1DB85E58-653B-46D0-9CE2-487DDD1BCBD2}.Release|x64.ActiveCfg = Release|Any CPU
		{1DB85E58-653B-46D0-9CE2-487DDD1BCBD2}.Release|x64.Build.0 = Release|Any CPU
		{1DB85E58-653B-46D0-9CE2-487DDD1BCBD2}.Release|x86.ActiveCfg = Release|Any CPU
		{1DB85E58-653B-46D0-9CE2-487DDD1BCBD2}.Release|x86.Build.0 = Release|Any CPU
	EndGlobalSection
	GlobalSection(SolutionProperties) = preSolution
		HideSolutionNode = FALSE
	EndGlobalSection
	GlobalSection(NestedProjects) = preSolution
		{1DB85E58-653B-46D0-9CE2-487DDD1BCBD2} = {827E0CD3-B72D-47B6-A68D-7590B98EB39B}
	EndGlobalSection
	GlobalSection(ExtensibilityGlobals) = postSolution
		SolutionGuid = {486EFC62-3EE6-4B74-A52A-DC520B7BE885}
	EndGlobalSection
EndGlobal
